
Microsoft Visual Studio Solution File, Format Version 12.00
# Visual Studio Version 17
VisualStudioVersion = 17.8.34511.84
MinimumVisualStudioVersion = 10.0.40219.1
Project("{FAE04EC0-301F-11D3-BF4B-00C04F79EFBC}") = "WapLab1", "WapLab1\WapLab1.csproj", "{CB6DCCCF-BFDD-47B6-A0BC-78E43F857E26}"
EndProject
Global
	GlobalSection(SolutionConfigurationPlatforms) = preSolution
		Debug|Any CPU = Debug|Any CPU
		Release|Any CPU = Release|Any CPU
	EndGlobalSection
	GlobalSection(ProjectConfigurationPlatforms) = postSolution
		{CB6DCCCF-BFDD-47B6-A0BC-78E43F857E26}.Debug|Any CPU.ActiveCfg = Debug|Any CPU
		{CB6DCCCF-BFDD-47B6-A0BC-78E43F857E26}.Debug|Any CPU.Build.0 = Debug|Any CPU
		{CB6DCCCF-BFDD-47B6-A0BC-78E43F857E26}.Release|Any CPU.ActiveCfg = Release|Any CPU
		{CB6DCCCF-BFDD-47B6-A0BC-78E43F857E26}.Release|Any CPU.Build.0 = Release|Any CPU
	EndGlobalSection
	GlobalSection(SolutionProperties) = preSolution
		HideSolutionNode = FALSE
	EndGlobalSection
	GlobalSection(ExtensibilityGlobals) = postSolution
		SolutionGuid = {B0A89D3B-56C8-4158-9018-006B72F2B0D4}
	EndGlobalSection
EndGlobal
